// !$*UTF8*$!
{
	archiveVersion = 1;
	classes = {
	};
	objectVersion = 51;
	objects = {

/* Begin PBXBuildFile section */
		0E0F3BEC25682FCF00BD677D /* ShowsEndpoint.swift in Sources */ = {isa = PBXBuildFile; fileRef = 0E0F3BEB25682FCF00BD677D /* ShowsEndpoint.swift */; };
		0E0F3C012568664400BD677D /* APIError.swift in Sources */ = {isa = PBXBuildFile; fileRef = 0E0F3C002568664400BD677D /* APIError.swift */; };
		0E0F3C07256867A100BD677D /* ErrorModel.swift in Sources */ = {isa = PBXBuildFile; fileRef = 0E0F3C06256867A100BD677D /* ErrorModel.swift */; };
		0E0F3C0D2568698A00BD677D /* ShowEntity.swift in Sources */ = {isa = PBXBuildFile; fileRef = 0E0F3C0C2568698A00BD677D /* ShowEntity.swift */; };
		0E0F3C1B25686E3500BD677D /* ShowsListAPIDataManager.swift in Sources */ = {isa = PBXBuildFile; fileRef = 0E0F3C1A25686E3500BD677D /* ShowsListAPIDataManager.swift */; };
		0E0F3C2025686E6C00BD677D /* ShowsListAPIDataManagerProtocol.swift in Sources */ = {isa = PBXBuildFile; fileRef = 0E0F3C1F25686E6C00BD677D /* ShowsListAPIDataManagerProtocol.swift */; };
		0E0F3C252568713100BD677D /* ShowsListLocalDataManager.swift in Sources */ = {isa = PBXBuildFile; fileRef = 0E0F3C242568713100BD677D /* ShowsListLocalDataManager.swift */; };
		0E0F3C2A256871D400BD677D /* ShowsListLocalDataManagerProtocol.swift in Sources */ = {isa = PBXBuildFile; fileRef = 0E0F3C29256871D400BD677D /* ShowsListLocalDataManagerProtocol.swift */; };
		0E0F3C32256887B200BD677D /* ShowViewModel.swift in Sources */ = {isa = PBXBuildFile; fileRef = 0E0F3C31256887B200BD677D /* ShowViewModel.swift */; };
		0E0F3C40256893F000BD677D /* DetailViewModel.swift in Sources */ = {isa = PBXBuildFile; fileRef = 0E0F3C3F256893F000BD677D /* DetailViewModel.swift */; };
		0E0F3C452568963700BD677D /* UIViewController+Extension.swift in Sources */ = {isa = PBXBuildFile; fileRef = 0E0F3C442568963700BD677D /* UIViewController+Extension.swift */; };
		0E43F9E125696440002DCCAB /* ShowTableViewCell.swift in Sources */ = {isa = PBXBuildFile; fileRef = 0E43F9DF25696440002DCCAB /* ShowTableViewCell.swift */; };
		0E43F9E225696440002DCCAB /* ShowTableViewCell.xib in Resources */ = {isa = PBXBuildFile; fileRef = 0E43F9E025696440002DCCAB /* ShowTableViewCell.xib */; };
		0E43FA55256979A7002DCCAB /* ShowEntity.json in Resources */ = {isa = PBXBuildFile; fileRef = 0E43FA49256979A7002DCCAB /* ShowEntity.json */; };
		0E43FA56256979A7002DCCAB /* ShowsListRepositoryTests.swift in Sources */ = {isa = PBXBuildFile; fileRef = 0E43FA4D256979A7002DCCAB /* ShowsListRepositoryTests.swift */; };
		0E43FA57256979A7002DCCAB /* ShowsListPresenterTests.swift in Sources */ = {isa = PBXBuildFile; fileRef = 0E43FA4F256979A7002DCCAB /* ShowsListPresenterTests.swift */; };
		0E43FA58256979A7002DCCAB /* ShowsListViewTests.swift in Sources */ = {isa = PBXBuildFile; fileRef = 0E43FA51256979A7002DCCAB /* ShowsListViewTests.swift */; };
		0E43FA59256979A7002DCCAB /* ShowsListInteractorTests.swift in Sources */ = {isa = PBXBuildFile; fileRef = 0E43FA53256979A7002DCCAB /* ShowsListInteractorTests.swift */; };
		0E43FA6B25697AD7002DCCAB /* JSONUtils.swift in Sources */ = {isa = PBXBuildFile; fileRef = 0E43FA6A25697AD7002DCCAB /* JSONUtils.swift */; };
		0E43FA8525698482002DCCAB /* ViewDispatcher.swift in Sources */ = {isa = PBXBuildFile; fileRef = 0E43FA8425698482002DCCAB /* ViewDispatcher.swift */; };
		0E43FA902569BC64002DCCAB /* ShowDetailViewTests.swift in Sources */ = {isa = PBXBuildFile; fileRef = 0E43FA8F2569BC64002DCCAB /* ShowDetailViewTests.swift */; };
		0E43FA982569BEF5002DCCAB /* UIScrollView+Extension.swift in Sources */ = {isa = PBXBuildFile; fileRef = 0E43FA972569BEF5002DCCAB /* UIScrollView+Extension.swift */; };
		0E43FA9D2569C439002DCCAB /* ShowDetailPresenterTests.swift in Sources */ = {isa = PBXBuildFile; fileRef = 0E43FA9C2569C439002DCCAB /* ShowDetailPresenterTests.swift */; };
		0E43FAA22569C445002DCCAB /* ShowDetailInteractorTests.swift in Sources */ = {isa = PBXBuildFile; fileRef = 0E43FAA12569C445002DCCAB /* ShowDetailInteractorTests.swift */; };
		0E4EF5E02568155E0005503C /* Localizable.strings in Resources */ = {isa = PBXBuildFile; fileRef = 0E4EF5E22568155E0005503C /* Localizable.strings */; };
		0E4EF5E9256815C90005503C /* String+Extension.swift in Sources */ = {isa = PBXBuildFile; fileRef = 0E4EF5E8256815C90005503C /* String+Extension.swift */; };
		0EB863342568119B00107594 /* AppDelegate.swift in Sources */ = {isa = PBXBuildFile; fileRef = 0EB863332568119B00107594 /* AppDelegate.swift */; };
		0EB863362568119B00107594 /* SceneDelegate.swift in Sources */ = {isa = PBXBuildFile; fileRef = 0EB863352568119B00107594 /* SceneDelegate.swift */; };
		0EB8633D2568119E00107594 /* Assets.xcassets in Resources */ = {isa = PBXBuildFile; fileRef = 0EB8633C2568119E00107594 /* Assets.xcassets */; };
		0EB863402568119E00107594 /* LaunchScreen.storyboard in Resources */ = {isa = PBXBuildFile; fileRef = 0EB8633E2568119E00107594 /* LaunchScreen.storyboard */; };
		0EB8634B2568119F00107594 /* TvmazeTests.swift in Sources */ = {isa = PBXBuildFile; fileRef = 0EB8634A2568119F00107594 /* TvmazeTests.swift */; };
		0EB863562568119F00107594 /* TvmazeUITests.swift in Sources */ = {isa = PBXBuildFile; fileRef = 0EB863552568119F00107594 /* TvmazeUITests.swift */; };
		0EB86370256813BD00107594 /* ShowsListView.swift in Sources */ = {isa = PBXBuildFile; fileRef = 0EB8636F256813BD00107594 /* ShowsListView.swift */; };
		0EB86375256813D800107594 /* ShowsListView.xib in Resources */ = {isa = PBXBuildFile; fileRef = 0EB86374256813D800107594 /* ShowsListView.xib */; };
		0EDECF1F25681787001A0F0B /* ShowDetailView.xib in Resources */ = {isa = PBXBuildFile; fileRef = 0EDECF1825681787001A0F0B /* ShowDetailView.xib */; };
		0EDECF2025681787001A0F0B /* ShowDetailView.swift in Sources */ = {isa = PBXBuildFile; fileRef = 0EDECF1925681787001A0F0B /* ShowDetailView.swift */; };
		0EDECF28256817C2001A0F0B /* ShowsListWireframe.swift in Sources */ = {isa = PBXBuildFile; fileRef = 0EDECF27256817C2001A0F0B /* ShowsListWireframe.swift */; };
		0EDECF2F25681833001A0F0B /* ShowsListWireframeProtocol.swift in Sources */ = {isa = PBXBuildFile; fileRef = 0EDECF2E25681833001A0F0B /* ShowsListWireframeProtocol.swift */; };
		0EDECF34256818C6001A0F0B /* ShowsListViewProtocol.swift in Sources */ = {isa = PBXBuildFile; fileRef = 0EDECF33256818C6001A0F0B /* ShowsListViewProtocol.swift */; };
		0EDECF39256819DA001A0F0B /* ShowDetailWireframe.swift in Sources */ = {isa = PBXBuildFile; fileRef = 0EDECF38256819DA001A0F0B /* ShowDetailWireframe.swift */; };
		0EDECF4325681AFD001A0F0B /* ShowsListPresenterProtocol.swift in Sources */ = {isa = PBXBuildFile; fileRef = 0EDECF4225681AFD001A0F0B /* ShowsListPresenterProtocol.swift */; };
		0EDECF4825681B53001A0F0B /* ShowsListInteractorInputProtocol.swift in Sources */ = {isa = PBXBuildFile; fileRef = 0EDECF4725681B53001A0F0B /* ShowsListInteractorInputProtocol.swift */; };
		0EDECF4D25681B74001A0F0B /* ShowsListPresenter.swift in Sources */ = {isa = PBXBuildFile; fileRef = 0EDECF4C25681B74001A0F0B /* ShowsListPresenter.swift */; };
		0EDECF5225681BC1001A0F0B /* ShowsListInteractorOutputProtocol.swift in Sources */ = {isa = PBXBuildFile; fileRef = 0EDECF5125681BC1001A0F0B /* ShowsListInteractorOutputProtocol.swift */; };
		0EDECF5725681D7C001A0F0B /* ShowsListRepositoryProtocol.swift in Sources */ = {isa = PBXBuildFile; fileRef = 0EDECF5625681D7C001A0F0B /* ShowsListRepositoryProtocol.swift */; };
		0EDECF5C25681DE6001A0F0B /* ShowsListInteractor.swift in Sources */ = {isa = PBXBuildFile; fileRef = 0EDECF5B25681DE6001A0F0B /* ShowsListInteractor.swift */; };
		0EDECF6125681E2E001A0F0B /* ShowsListRepository.swift in Sources */ = {isa = PBXBuildFile; fileRef = 0EDECF6025681E2E001A0F0B /* ShowsListRepository.swift */; };
		0EDECF6B2568210D001A0F0B /* ShowDetailPresenterProtocol.swift in Sources */ = {isa = PBXBuildFile; fileRef = 0EDECF652568210D001A0F0B /* ShowDetailPresenterProtocol.swift */; };
		0EDECF6D2568210D001A0F0B /* ShowDetailWireframeProtocol.swift in Sources */ = {isa = PBXBuildFile; fileRef = 0EDECF672568210D001A0F0B /* ShowDetailWireframeProtocol.swift */; };
		0EDECF6E2568210D001A0F0B /* ShowDetailInteractorOutputProtocol.swift in Sources */ = {isa = PBXBuildFile; fileRef = 0EDECF682568210D001A0F0B /* ShowDetailInteractorOutputProtocol.swift */; };
		0EDECF6F2568210D001A0F0B /* ShowDetailViewProtocol.swift in Sources */ = {isa = PBXBuildFile; fileRef = 0EDECF692568210D001A0F0B /* ShowDetailViewProtocol.swift */; };
		0EDECF702568210D001A0F0B /* ShowDetailnteractorInputProtocol.swift in Sources */ = {isa = PBXBuildFile; fileRef = 0EDECF6A2568210D001A0F0B /* ShowDetailnteractorInputProtocol.swift */; };
		0EDECF7525682116001A0F0B /* ShowDetailInteractor.swift in Sources */ = {isa = PBXBuildFile; fileRef = 0EDECF7425682116001A0F0B /* ShowDetailInteractor.swift */; };
		0EDECF7F25682125001A0F0B /* ShowDetailPresenter.swift in Sources */ = {isa = PBXBuildFile; fileRef = 0EDECF7E25682125001A0F0B /* ShowDetailPresenter.swift */; };
		0EDECF8A25682642001A0F0B /* APIService.swift in Sources */ = {isa = PBXBuildFile; fileRef = 0EDECF8925682642001A0F0B /* APIService.swift */; };
		0EDECF9225682753001A0F0B /* APIConstants.swift in Sources */ = {isa = PBXBuildFile; fileRef = 0EDECF9125682753001A0F0B /* APIConstants.swift */; };
		0EDECF97256827A2001A0F0B /* EndpointProtocol.swift in Sources */ = {isa = PBXBuildFile; fileRef = 0EDECF96256827A2001A0F0B /* EndpointProtocol.swift */; };
		6ACBA58D213A06E7EB7514C1 /* Pods_Tvmaze.framework in Frameworks */ = {isa = PBXBuildFile; fileRef = 305C81BAD9F0DB00CDB4EA0A /* Pods_Tvmaze.framework */; };
		81E4B51182D4FF66115EEBC2 /* Pods_TvmazeTests.framework in Frameworks */ = {isa = PBXBuildFile; fileRef = 72E05E76538055C834DD7B7A /* Pods_TvmazeTests.framework */; };
		B6BECF1D5FB5FEB642AEFC5C /* Pods_Tvmaze_TvmazeUITests.framework in Frameworks */ = {isa = PBXBuildFile; fileRef = 7123322E4FD025792D4ED907 /* Pods_Tvmaze_TvmazeUITests.framework */; };
/* End PBXBuildFile section */

/* Begin PBXContainerItemProxy section */
		0EB863472568119F00107594 /* PBXContainerItemProxy */ = {
			isa = PBXContainerItemProxy;
			containerPortal = 0EB863282568119B00107594 /* Project object */;
			proxyType = 1;
			remoteGlobalIDString = 0EB8632F2568119B00107594;
			remoteInfo = Tvmaze;
		};
		0EB863522568119F00107594 /* PBXContainerItemProxy */ = {
			isa = PBXContainerItemProxy;
			containerPortal = 0EB863282568119B00107594 /* Project object */;
			proxyType = 1;
			remoteGlobalIDString = 0EB8632F2568119B00107594;
			remoteInfo = Tvmaze;
		};
/* End PBXContainerItemProxy section */

/* Begin PBXFileReference section */
		0E0F3BEB25682FCF00BD677D /* ShowsEndpoint.swift */ = {isa = PBXFileReference; lastKnownFileType = sourcecode.swift; path = ShowsEndpoint.swift; sourceTree = "<group>"; };
		0E0F3C002568664400BD677D /* APIError.swift */ = {isa = PBXFileReference; lastKnownFileType = sourcecode.swift; path = APIError.swift; sourceTree = "<group>"; };
		0E0F3C06256867A100BD677D /* ErrorModel.swift */ = {isa = PBXFileReference; lastKnownFileType = sourcecode.swift; path = ErrorModel.swift; sourceTree = "<group>"; };
		0E0F3C0C2568698A00BD677D /* ShowEntity.swift */ = {isa = PBXFileReference; lastKnownFileType = sourcecode.swift; path = ShowEntity.swift; sourceTree = "<group>"; };
		0E0F3C1A25686E3500BD677D /* ShowsListAPIDataManager.swift */ = {isa = PBXFileReference; lastKnownFileType = sourcecode.swift; path = ShowsListAPIDataManager.swift; sourceTree = "<group>"; };
		0E0F3C1F25686E6C00BD677D /* ShowsListAPIDataManagerProtocol.swift */ = {isa = PBXFileReference; lastKnownFileType = sourcecode.swift; path = ShowsListAPIDataManagerProtocol.swift; sourceTree = "<group>"; };
		0E0F3C242568713100BD677D /* ShowsListLocalDataManager.swift */ = {isa = PBXFileReference; lastKnownFileType = sourcecode.swift; path = ShowsListLocalDataManager.swift; sourceTree = "<group>"; };
		0E0F3C29256871D400BD677D /* ShowsListLocalDataManagerProtocol.swift */ = {isa = PBXFileReference; lastKnownFileType = sourcecode.swift; path = ShowsListLocalDataManagerProtocol.swift; sourceTree = "<group>"; };
		0E0F3C31256887B200BD677D /* ShowViewModel.swift */ = {isa = PBXFileReference; lastKnownFileType = sourcecode.swift; path = ShowViewModel.swift; sourceTree = "<group>"; };
		0E0F3C3F256893F000BD677D /* DetailViewModel.swift */ = {isa = PBXFileReference; lastKnownFileType = sourcecode.swift; path = DetailViewModel.swift; sourceTree = "<group>"; };
		0E0F3C442568963700BD677D /* UIViewController+Extension.swift */ = {isa = PBXFileReference; lastKnownFileType = sourcecode.swift; path = "UIViewController+Extension.swift"; sourceTree = "<group>"; };
		0E43F9DF25696440002DCCAB /* ShowTableViewCell.swift */ = {isa = PBXFileReference; lastKnownFileType = sourcecode.swift; path = ShowTableViewCell.swift; sourceTree = "<group>"; };
		0E43F9E025696440002DCCAB /* ShowTableViewCell.xib */ = {isa = PBXFileReference; lastKnownFileType = file.xib; path = ShowTableViewCell.xib; sourceTree = "<group>"; };
		0E43FA49256979A7002DCCAB /* ShowEntity.json */ = {isa = PBXFileReference; fileEncoding = 4; lastKnownFileType = text.json; path = ShowEntity.json; sourceTree = "<group>"; };
		0E43FA4D256979A7002DCCAB /* ShowsListRepositoryTests.swift */ = {isa = PBXFileReference; fileEncoding = 4; lastKnownFileType = sourcecode.swift; path = ShowsListRepositoryTests.swift; sourceTree = "<group>"; };
		0E43FA4F256979A7002DCCAB /* ShowsListPresenterTests.swift */ = {isa = PBXFileReference; fileEncoding = 4; lastKnownFileType = sourcecode.swift; path = ShowsListPresenterTests.swift; sourceTree = "<group>"; };
		0E43FA51256979A7002DCCAB /* ShowsListViewTests.swift */ = {isa = PBXFileReference; fileEncoding = 4; lastKnownFileType = sourcecode.swift; path = ShowsListViewTests.swift; sourceTree = "<group>"; };
		0E43FA53256979A7002DCCAB /* ShowsListInteractorTests.swift */ = {isa = PBXFileReference; fileEncoding = 4; lastKnownFileType = sourcecode.swift; path = ShowsListInteractorTests.swift; sourceTree = "<group>"; };
		0E43FA6A25697AD7002DCCAB /* JSONUtils.swift */ = {isa = PBXFileReference; lastKnownFileType = sourcecode.swift; path = JSONUtils.swift; sourceTree = "<group>"; };
		0E43FA8425698482002DCCAB /* ViewDispatcher.swift */ = {isa = PBXFileReference; lastKnownFileType = sourcecode.swift; path = ViewDispatcher.swift; sourceTree = "<group>"; };
		0E43FA8F2569BC64002DCCAB /* ShowDetailViewTests.swift */ = {isa = PBXFileReference; lastKnownFileType = sourcecode.swift; path = ShowDetailViewTests.swift; sourceTree = "<group>"; };
		0E43FA972569BEF5002DCCAB /* UIScrollView+Extension.swift */ = {isa = PBXFileReference; lastKnownFileType = sourcecode.swift; path = "UIScrollView+Extension.swift"; sourceTree = "<group>"; };
		0E43FA9C2569C439002DCCAB /* ShowDetailPresenterTests.swift */ = {isa = PBXFileReference; lastKnownFileType = sourcecode.swift; path = ShowDetailPresenterTests.swift; sourceTree = "<group>"; };
		0E43FAA12569C445002DCCAB /* ShowDetailInteractorTests.swift */ = {isa = PBXFileReference; lastKnownFileType = sourcecode.swift; path = ShowDetailInteractorTests.swift; sourceTree = "<group>"; };
		0E4EF5E12568155E0005503C /* en */ = {isa = PBXFileReference; lastKnownFileType = text.plist.strings; name = en; path = en.lproj/Localizable.strings; sourceTree = "<group>"; };
		0E4EF5E8256815C90005503C /* String+Extension.swift */ = {isa = PBXFileReference; lastKnownFileType = sourcecode.swift; path = "String+Extension.swift"; sourceTree = "<group>"; };
		0EB863302568119B00107594 /* Tvmaze.app */ = {isa = PBXFileReference; explicitFileType = wrapper.application; includeInIndex = 0; path = Tvmaze.app; sourceTree = BUILT_PRODUCTS_DIR; };
		0EB863332568119B00107594 /* AppDelegate.swift */ = {isa = PBXFileReference; lastKnownFileType = sourcecode.swift; path = AppDelegate.swift; sourceTree = "<group>"; };
		0EB863352568119B00107594 /* SceneDelegate.swift */ = {isa = PBXFileReference; lastKnownFileType = sourcecode.swift; path = SceneDelegate.swift; sourceTree = "<group>"; };
		0EB8633C2568119E00107594 /* Assets.xcassets */ = {isa = PBXFileReference; lastKnownFileType = folder.assetcatalog; path = Assets.xcassets; sourceTree = "<group>"; };
		0EB8633F2568119E00107594 /* Base */ = {isa = PBXFileReference; lastKnownFileType = file.storyboard; name = Base; path = Base.lproj/LaunchScreen.storyboard; sourceTree = "<group>"; };
		0EB863412568119E00107594 /* Info.plist */ = {isa = PBXFileReference; lastKnownFileType = text.plist.xml; path = Info.plist; sourceTree = "<group>"; };
		0EB863462568119F00107594 /* TvmazeTests.xctest */ = {isa = PBXFileReference; explicitFileType = wrapper.cfbundle; includeInIndex = 0; path = TvmazeTests.xctest; sourceTree = BUILT_PRODUCTS_DIR; };
		0EB8634A2568119F00107594 /* TvmazeTests.swift */ = {isa = PBXFileReference; lastKnownFileType = sourcecode.swift; path = TvmazeTests.swift; sourceTree = "<group>"; };
		0EB8634C2568119F00107594 /* Info.plist */ = {isa = PBXFileReference; lastKnownFileType = text.plist.xml; path = Info.plist; sourceTree = "<group>"; };
		0EB863512568119F00107594 /* TvmazeUITests.xctest */ = {isa = PBXFileReference; explicitFileType = wrapper.cfbundle; includeInIndex = 0; path = TvmazeUITests.xctest; sourceTree = BUILT_PRODUCTS_DIR; };
		0EB863552568119F00107594 /* TvmazeUITests.swift */ = {isa = PBXFileReference; lastKnownFileType = sourcecode.swift; path = TvmazeUITests.swift; sourceTree = "<group>"; };
		0EB863572568119F00107594 /* Info.plist */ = {isa = PBXFileReference; lastKnownFileType = text.plist.xml; path = Info.plist; sourceTree = "<group>"; };
		0EB8636F256813BD00107594 /* ShowsListView.swift */ = {isa = PBXFileReference; lastKnownFileType = sourcecode.swift; path = ShowsListView.swift; sourceTree = "<group>"; };
		0EB86374256813D800107594 /* ShowsListView.xib */ = {isa = PBXFileReference; lastKnownFileType = file.xib; path = ShowsListView.xib; sourceTree = "<group>"; };
		0EDECF1825681787001A0F0B /* ShowDetailView.xib */ = {isa = PBXFileReference; fileEncoding = 4; lastKnownFileType = file.xib; path = ShowDetailView.xib; sourceTree = "<group>"; };
		0EDECF1925681787001A0F0B /* ShowDetailView.swift */ = {isa = PBXFileReference; fileEncoding = 4; lastKnownFileType = sourcecode.swift; path = ShowDetailView.swift; sourceTree = "<group>"; };
		0EDECF27256817C2001A0F0B /* ShowsListWireframe.swift */ = {isa = PBXFileReference; lastKnownFileType = sourcecode.swift; path = ShowsListWireframe.swift; sourceTree = "<group>"; };
		0EDECF2E25681833001A0F0B /* ShowsListWireframeProtocol.swift */ = {isa = PBXFileReference; lastKnownFileType = sourcecode.swift; path = ShowsListWireframeProtocol.swift; sourceTree = "<group>"; };
		0EDECF33256818C6001A0F0B /* ShowsListViewProtocol.swift */ = {isa = PBXFileReference; lastKnownFileType = sourcecode.swift; path = ShowsListViewProtocol.swift; sourceTree = "<group>"; };
		0EDECF38256819DA001A0F0B /* ShowDetailWireframe.swift */ = {isa = PBXFileReference; lastKnownFileType = sourcecode.swift; path = ShowDetailWireframe.swift; sourceTree = "<group>"; };
		0EDECF4225681AFD001A0F0B /* ShowsListPresenterProtocol.swift */ = {isa = PBXFileReference; lastKnownFileType = sourcecode.swift; path = ShowsListPresenterProtocol.swift; sourceTree = "<group>"; };
		0EDECF4725681B53001A0F0B /* ShowsListInteractorInputProtocol.swift */ = {isa = PBXFileReference; lastKnownFileType = sourcecode.swift; path = ShowsListInteractorInputProtocol.swift; sourceTree = "<group>"; };
		0EDECF4C25681B74001A0F0B /* ShowsListPresenter.swift */ = {isa = PBXFileReference; lastKnownFileType = sourcecode.swift; path = ShowsListPresenter.swift; sourceTree = "<group>"; };
		0EDECF5125681BC1001A0F0B /* ShowsListInteractorOutputProtocol.swift */ = {isa = PBXFileReference; lastKnownFileType = sourcecode.swift; path = ShowsListInteractorOutputProtocol.swift; sourceTree = "<group>"; };
		0EDECF5625681D7C001A0F0B /* ShowsListRepositoryProtocol.swift */ = {isa = PBXFileReference; lastKnownFileType = sourcecode.swift; path = ShowsListRepositoryProtocol.swift; sourceTree = "<group>"; };
		0EDECF5B25681DE6001A0F0B /* ShowsListInteractor.swift */ = {isa = PBXFileReference; lastKnownFileType = sourcecode.swift; path = ShowsListInteractor.swift; sourceTree = "<group>"; };
		0EDECF6025681E2E001A0F0B /* ShowsListRepository.swift */ = {isa = PBXFileReference; lastKnownFileType = sourcecode.swift; path = ShowsListRepository.swift; sourceTree = "<group>"; };
		0EDECF652568210D001A0F0B /* ShowDetailPresenterProtocol.swift */ = {isa = PBXFileReference; fileEncoding = 4; lastKnownFileType = sourcecode.swift; path = ShowDetailPresenterProtocol.swift; sourceTree = "<group>"; };
		0EDECF672568210D001A0F0B /* ShowDetailWireframeProtocol.swift */ = {isa = PBXFileReference; fileEncoding = 4; lastKnownFileType = sourcecode.swift; path = ShowDetailWireframeProtocol.swift; sourceTree = "<group>"; };
		0EDECF682568210D001A0F0B /* ShowDetailInteractorOutputProtocol.swift */ = {isa = PBXFileReference; fileEncoding = 4; lastKnownFileType = sourcecode.swift; path = ShowDetailInteractorOutputProtocol.swift; sourceTree = "<group>"; };
		0EDECF692568210D001A0F0B /* ShowDetailViewProtocol.swift */ = {isa = PBXFileReference; fileEncoding = 4; lastKnownFileType = sourcecode.swift; path = ShowDetailViewProtocol.swift; sourceTree = "<group>"; };
		0EDECF6A2568210D001A0F0B /* ShowDetailnteractorInputProtocol.swift */ = {isa = PBXFileReference; fileEncoding = 4; lastKnownFileType = sourcecode.swift; path = ShowDetailnteractorInputProtocol.swift; sourceTree = "<group>"; };
		0EDECF7425682116001A0F0B /* ShowDetailInteractor.swift */ = {isa = PBXFileReference; fileEncoding = 4; lastKnownFileType = sourcecode.swift; path = ShowDetailInteractor.swift; sourceTree = "<group>"; };
		0EDECF7E25682125001A0F0B /* ShowDetailPresenter.swift */ = {isa = PBXFileReference; fileEncoding = 4; lastKnownFileType = sourcecode.swift; path = ShowDetailPresenter.swift; sourceTree = "<group>"; };
		0EDECF8925682642001A0F0B /* APIService.swift */ = {isa = PBXFileReference; lastKnownFileType = sourcecode.swift; path = APIService.swift; sourceTree = "<group>"; };
		0EDECF9125682753001A0F0B /* APIConstants.swift */ = {isa = PBXFileReference; lastKnownFileType = sourcecode.swift; path = APIConstants.swift; sourceTree = "<group>"; };
		0EDECF96256827A2001A0F0B /* EndpointProtocol.swift */ = {isa = PBXFileReference; lastKnownFileType = sourcecode.swift; path = EndpointProtocol.swift; sourceTree = "<group>"; };
		305C81BAD9F0DB00CDB4EA0A /* Pods_Tvmaze.framework */ = {isa = PBXFileReference; explicitFileType = wrapper.framework; includeInIndex = 0; path = Pods_Tvmaze.framework; sourceTree = BUILT_PRODUCTS_DIR; };
		3713F6A830DA9D58AFA8EDAF /* Pods-Tvmaze.release.xcconfig */ = {isa = PBXFileReference; includeInIndex = 1; lastKnownFileType = text.xcconfig; name = "Pods-Tvmaze.release.xcconfig"; path = "Target Support Files/Pods-Tvmaze/Pods-Tvmaze.release.xcconfig"; sourceTree = "<group>"; };
		534067132560A90D67BCDBD0 /* Pods-TvmazeTests.debug.xcconfig */ = {isa = PBXFileReference; includeInIndex = 1; lastKnownFileType = text.xcconfig; name = "Pods-TvmazeTests.debug.xcconfig"; path = "Target Support Files/Pods-TvmazeTests/Pods-TvmazeTests.debug.xcconfig"; sourceTree = "<group>"; };
		702C81B8688C80611C313656 /* Pods-Tvmaze.debug.xcconfig */ = {isa = PBXFileReference; includeInIndex = 1; lastKnownFileType = text.xcconfig; name = "Pods-Tvmaze.debug.xcconfig"; path = "Target Support Files/Pods-Tvmaze/Pods-Tvmaze.debug.xcconfig"; sourceTree = "<group>"; };
		7123322E4FD025792D4ED907 /* Pods_Tvmaze_TvmazeUITests.framework */ = {isa = PBXFileReference; explicitFileType = wrapper.framework; includeInIndex = 0; path = Pods_Tvmaze_TvmazeUITests.framework; sourceTree = BUILT_PRODUCTS_DIR; };
		72E05E76538055C834DD7B7A /* Pods_TvmazeTests.framework */ = {isa = PBXFileReference; explicitFileType = wrapper.framework; includeInIndex = 0; path = Pods_TvmazeTests.framework; sourceTree = BUILT_PRODUCTS_DIR; };
		8A237C0CB05B6F1F31D0E61B /* Pods-Tvmaze-TvmazeUITests.debug.xcconfig */ = {isa = PBXFileReference; includeInIndex = 1; lastKnownFileType = text.xcconfig; name = "Pods-Tvmaze-TvmazeUITests.debug.xcconfig"; path = "Target Support Files/Pods-Tvmaze-TvmazeUITests/Pods-Tvmaze-TvmazeUITests.debug.xcconfig"; sourceTree = "<group>"; };
		98D6ADFD8261F31EFCFE9F41 /* Pods-TvmazeTests.release.xcconfig */ = {isa = PBXFileReference; includeInIndex = 1; lastKnownFileType = text.xcconfig; name = "Pods-TvmazeTests.release.xcconfig"; path = "Target Support Files/Pods-TvmazeTests/Pods-TvmazeTests.release.xcconfig"; sourceTree = "<group>"; };
		C9097B054A36367545358BFF /* Pods-Tvmaze-TvmazeUITests.release.xcconfig */ = {isa = PBXFileReference; includeInIndex = 1; lastKnownFileType = text.xcconfig; name = "Pods-Tvmaze-TvmazeUITests.release.xcconfig"; path = "Target Support Files/Pods-Tvmaze-TvmazeUITests/Pods-Tvmaze-TvmazeUITests.release.xcconfig"; sourceTree = "<group>"; };
/* End PBXFileReference section */

/* Begin PBXFrameworksBuildPhase section */
		0EB8632D2568119B00107594 /* Frameworks */ = {
			isa = PBXFrameworksBuildPhase;
			buildActionMask = 2147483647;
			files = (
				6ACBA58D213A06E7EB7514C1 /* Pods_Tvmaze.framework in Frameworks */,
			);
			runOnlyForDeploymentPostprocessing = 0;
		};
		0EB863432568119F00107594 /* Frameworks */ = {
			isa = PBXFrameworksBuildPhase;
			buildActionMask = 2147483647;
			files = (
				81E4B51182D4FF66115EEBC2 /* Pods_TvmazeTests.framework in Frameworks */,
			);
			runOnlyForDeploymentPostprocessing = 0;
		};
		0EB8634E2568119F00107594 /* Frameworks */ = {
			isa = PBXFrameworksBuildPhase;
			buildActionMask = 2147483647;
			files = (
				B6BECF1D5FB5FEB642AEFC5C /* Pods_Tvmaze_TvmazeUITests.framework in Frameworks */,
			);
			runOnlyForDeploymentPostprocessing = 0;
		};
/* End PBXFrameworksBuildPhase section */

/* Begin PBXGroup section */
		0E0F3C052568678E00BD677D /* Error */ = {
			isa = PBXGroup;
			children = (
				0E0F3C002568664400BD677D /* APIError.swift */,
				0E0F3C06256867A100BD677D /* ErrorModel.swift */,
			);
			path = Error;
			sourceTree = "<group>";
		};
		0E0F3C0B2568697F00BD677D /* Entities */ = {
			isa = PBXGroup;
			children = (
				0E0F3C0C2568698A00BD677D /* ShowEntity.swift */,
			);
			path = Entities;
			sourceTree = "<group>";
		};
		0E43F9DE2569642E002DCCAB /* Subviews */ = {
			isa = PBXGroup;
			children = (
				0E43F9DF25696440002DCCAB /* ShowTableViewCell.swift */,
				0E43F9E025696440002DCCAB /* ShowTableViewCell.xib */,
			);
			path = Subviews;
			sourceTree = "<group>";
		};
		0E43FA48256979A7002DCCAB /* Resources */ = {
			isa = PBXGroup;
			children = (
				0E43FA49256979A7002DCCAB /* ShowEntity.json */,
			);
			path = Resources;
			sourceTree = "<group>";
		};
		0E43FA4A256979A7002DCCAB /* Modules */ = {
			isa = PBXGroup;
			children = (
				0E43FA4B256979A7002DCCAB /* shows list */,
				0E43FA54256979A7002DCCAB /* show detail */,
			);
			path = Modules;
			sourceTree = "<group>";
		};
		0E43FA4B256979A7002DCCAB /* shows list */ = {
			isa = PBXGroup;
			children = (
				0E43FA4C256979A7002DCCAB /* Repository */,
				0E43FA52256979A7002DCCAB /* Interactor */,
				0E43FA4E256979A7002DCCAB /* Presenter */,
				0E43FA50256979A7002DCCAB /* View */,
			);
			path = "shows list";
			sourceTree = "<group>";
		};
		0E43FA4C256979A7002DCCAB /* Repository */ = {
			isa = PBXGroup;
			children = (
				0E43FA4D256979A7002DCCAB /* ShowsListRepositoryTests.swift */,
			);
			path = Repository;
			sourceTree = "<group>";
		};
		0E43FA4E256979A7002DCCAB /* Presenter */ = {
			isa = PBXGroup;
			children = (
				0E43FA4F256979A7002DCCAB /* ShowsListPresenterTests.swift */,
			);
			path = Presenter;
			sourceTree = "<group>";
		};
		0E43FA50256979A7002DCCAB /* View */ = {
			isa = PBXGroup;
			children = (
				0E43FA51256979A7002DCCAB /* ShowsListViewTests.swift */,
			);
			path = View;
			sourceTree = "<group>";
		};
		0E43FA52256979A7002DCCAB /* Interactor */ = {
			isa = PBXGroup;
			children = (
				0E43FA53256979A7002DCCAB /* ShowsListInteractorTests.swift */,
			);
			path = Interactor;
			sourceTree = "<group>";
		};
		0E43FA54256979A7002DCCAB /* show detail */ = {
			isa = PBXGroup;
			children = (
				0E43FA8E2569BC3C002DCCAB /* Interactor */,
				0E43FA8D2569BC20002DCCAB /* Presenter */,
				0E43FA8C2569BC1B002DCCAB /* View */,
			);
			path = "show detail";
			sourceTree = "<group>";
		};
		0E43FA6825697AC7002DCCAB /* Common */ = {
			isa = PBXGroup;
			children = (
				0E43FA48256979A7002DCCAB /* Resources */,
				0E43FA6925697ACC002DCCAB /* Utils */,
			);
			path = Common;
			sourceTree = "<group>";
		};
		0E43FA6925697ACC002DCCAB /* Utils */ = {
			isa = PBXGroup;
			children = (
				0E43FA6A25697AD7002DCCAB /* JSONUtils.swift */,
			);
			path = Utils;
			sourceTree = "<group>";
		};
		0E43FA8325698478002DCCAB /* Utils */ = {
			isa = PBXGroup;
			children = (
				0E43FA8425698482002DCCAB /* ViewDispatcher.swift */,
			);
			path = Utils;
			sourceTree = "<group>";
		};
		0E43FA8C2569BC1B002DCCAB /* View */ = {
			isa = PBXGroup;
			children = (
				0E43FA8F2569BC64002DCCAB /* ShowDetailViewTests.swift */,
			);
			path = View;
			sourceTree = "<group>";
		};
		0E43FA8D2569BC20002DCCAB /* Presenter */ = {
			isa = PBXGroup;
			children = (
				0E43FA9C2569C439002DCCAB /* ShowDetailPresenterTests.swift */,
			);
			path = Presenter;
			sourceTree = "<group>";
		};
		0E43FA8E2569BC3C002DCCAB /* Interactor */ = {
			isa = PBXGroup;
			children = (
				0E43FAA12569C445002DCCAB /* ShowDetailInteractorTests.swift */,
			);
			path = Interactor;
			sourceTree = "<group>";
		};
		0E4EF5D9256815370005503C /* Resources */ = {
			isa = PBXGroup;
			children = (
				0E4EF5E22568155E0005503C /* Localizable.strings */,
			);
			path = Resources;
			sourceTree = "<group>";
		};
		0E4EF5E6256815B50005503C /* Extensions */ = {
			isa = PBXGroup;
			children = (
				0E4EF5E8256815C90005503C /* String+Extension.swift */,
				0E0F3C442568963700BD677D /* UIViewController+Extension.swift */,
				0E43FA972569BEF5002DCCAB /* UIScrollView+Extension.swift */,
			);
			path = Extensions;
			sourceTree = "<group>";
		};
		0E4EF5E7256815BA0005503C /* Modules */ = {
			isa = PBXGroup;
			children = (
				0EB863692568134D00107594 /* shows list */,
				0EB8636A2568136000107594 /* show detail */,
			);
			path = Modules;
			sourceTree = "<group>";
		};
		0EB863272568119B00107594 = {
			isa = PBXGroup;
			children = (
				0EB863322568119B00107594 /* Tvmaze */,
				0EB863492568119F00107594 /* TvmazeTests */,
				0EB863542568119F00107594 /* TvmazeUITests */,
				0EB863312568119B00107594 /* Products */,
				8C360036EEEEC0D5F02765D8 /* Pods */,
				43FB83FC8A3C27F4930A7024 /* Frameworks */,
			);
			sourceTree = "<group>";
		};
		0EB863312568119B00107594 /* Products */ = {
			isa = PBXGroup;
			children = (
				0EB863302568119B00107594 /* Tvmaze.app */,
				0EB863462568119F00107594 /* TvmazeTests.xctest */,
				0EB863512568119F00107594 /* TvmazeUITests.xctest */,
			);
			name = Products;
			sourceTree = "<group>";
		};
		0EB863322568119B00107594 /* Tvmaze */ = {
			isa = PBXGroup;
			children = (
				0EDECF8E25682668001A0F0B /* Common */,
				0E4EF5E7256815BA0005503C /* Modules */,
				0EB863332568119B00107594 /* AppDelegate.swift */,
				0EB863352568119B00107594 /* SceneDelegate.swift */,
				0EB8633C2568119E00107594 /* Assets.xcassets */,
				0EB8633E2568119E00107594 /* LaunchScreen.storyboard */,
				0EB863412568119E00107594 /* Info.plist */,
			);
			path = Tvmaze;
			sourceTree = "<group>";
		};
		0EB863492568119F00107594 /* TvmazeTests */ = {
			isa = PBXGroup;
			children = (
				0E43FA6825697AC7002DCCAB /* Common */,
				0E43FA4A256979A7002DCCAB /* Modules */,
				0EB8634A2568119F00107594 /* TvmazeTests.swift */,
				0EB8634C2568119F00107594 /* Info.plist */,
			);
			path = TvmazeTests;
			sourceTree = "<group>";
		};
		0EB863542568119F00107594 /* TvmazeUITests */ = {
			isa = PBXGroup;
			children = (
				0EB863552568119F00107594 /* TvmazeUITests.swift */,
				0EB863572568119F00107594 /* Info.plist */,
			);
			path = TvmazeUITests;
			sourceTree = "<group>";
		};
		0EB863692568134D00107594 /* shows list */ = {
			isa = PBXGroup;
			children = (
				0EDECF2C256817C8001A0F0B /* Protocols */,
				0EDECF142568170E001A0F0B /* Wireframe */,
				0EDECF162568172B001A0F0B /* Data Managers */,
				0EDECF1525681713001A0F0B /* Repository */,
				0EDECF12256816C0001A0F0B /* Interactor */,
				0EDECF13256816C7001A0F0B /* Presenter */,
				0EB8636B2568139100107594 /* View */,
			);
			path = "shows list";
			sourceTree = "<group>";
		};
		0EB8636A2568136000107594 /* show detail */ = {
			isa = PBXGroup;
			children = (
				0EDECF2D256817D0001A0F0B /* Protocols */,
				0EDECF1C25681787001A0F0B /* Wireframe */,
				0EDECF1D25681787001A0F0B /* Interactor */,
				0EDECF1A25681787001A0F0B /* Presenter */,
				0EDECF1725681787001A0F0B /* View */,
			);
			path = "show detail";
			sourceTree = "<group>";
		};
		0EB8636B2568139100107594 /* View */ = {
			isa = PBXGroup;
			children = (
				0E43F9DE2569642E002DCCAB /* Subviews */,
				0EB8636F256813BD00107594 /* ShowsListView.swift */,
				0EB86374256813D800107594 /* ShowsListView.xib */,
				0E0F3C31256887B200BD677D /* ShowViewModel.swift */,
			);
			path = View;
			sourceTree = "<group>";
		};
		0EDECF12256816C0001A0F0B /* Interactor */ = {
			isa = PBXGroup;
			children = (
				0EDECF5B25681DE6001A0F0B /* ShowsListInteractor.swift */,
			);
			path = Interactor;
			sourceTree = "<group>";
		};
		0EDECF13256816C7001A0F0B /* Presenter */ = {
			isa = PBXGroup;
			children = (
				0EDECF4C25681B74001A0F0B /* ShowsListPresenter.swift */,
			);
			path = Presenter;
			sourceTree = "<group>";
		};
		0EDECF142568170E001A0F0B /* Wireframe */ = {
			isa = PBXGroup;
			children = (
				0EDECF27256817C2001A0F0B /* ShowsListWireframe.swift */,
			);
			path = Wireframe;
			sourceTree = "<group>";
		};
		0EDECF1525681713001A0F0B /* Repository */ = {
			isa = PBXGroup;
			children = (
				0EDECF6025681E2E001A0F0B /* ShowsListRepository.swift */,
			);
			path = Repository;
			sourceTree = "<group>";
		};
		0EDECF162568172B001A0F0B /* Data Managers */ = {
			isa = PBXGroup;
			children = (
				0E0F3C1A25686E3500BD677D /* ShowsListAPIDataManager.swift */,
				0E0F3C242568713100BD677D /* ShowsListLocalDataManager.swift */,
			);
			path = "Data Managers";
			sourceTree = "<group>";
		};
		0EDECF1725681787001A0F0B /* View */ = {
			isa = PBXGroup;
			children = (
				0EDECF1825681787001A0F0B /* ShowDetailView.xib */,
				0EDECF1925681787001A0F0B /* ShowDetailView.swift */,
				0E0F3C3F256893F000BD677D /* DetailViewModel.swift */,
			);
			path = View;
			sourceTree = "<group>";
		};
		0EDECF1A25681787001A0F0B /* Presenter */ = {
			isa = PBXGroup;
			children = (
				0EDECF7E25682125001A0F0B /* ShowDetailPresenter.swift */,
			);
			path = Presenter;
			sourceTree = "<group>";
		};
		0EDECF1C25681787001A0F0B /* Wireframe */ = {
			isa = PBXGroup;
			children = (
				0EDECF38256819DA001A0F0B /* ShowDetailWireframe.swift */,
			);
			path = Wireframe;
			sourceTree = "<group>";
		};
		0EDECF1D25681787001A0F0B /* Interactor */ = {
			isa = PBXGroup;
			children = (
				0EDECF7425682116001A0F0B /* ShowDetailInteractor.swift */,
			);
			path = Interactor;
			sourceTree = "<group>";
		};
		0EDECF2C256817C8001A0F0B /* Protocols */ = {
			isa = PBXGroup;
			children = (
				0EDECF2E25681833001A0F0B /* ShowsListWireframeProtocol.swift */,
				0EDECF33256818C6001A0F0B /* ShowsListViewProtocol.swift */,
				0EDECF4225681AFD001A0F0B /* ShowsListPresenterProtocol.swift */,
				0EDECF4725681B53001A0F0B /* ShowsListInteractorInputProtocol.swift */,
				0EDECF5125681BC1001A0F0B /* ShowsListInteractorOutputProtocol.swift */,
				0EDECF5625681D7C001A0F0B /* ShowsListRepositoryProtocol.swift */,
				0E0F3C1F25686E6C00BD677D /* ShowsListAPIDataManagerProtocol.swift */,
				0E0F3C29256871D400BD677D /* ShowsListLocalDataManagerProtocol.swift */,
			);
			path = Protocols;
			sourceTree = "<group>";
		};
		0EDECF2D256817D0001A0F0B /* Protocols */ = {
			isa = PBXGroup;
			children = (
				0EDECF682568210D001A0F0B /* ShowDetailInteractorOutputProtocol.swift */,
				0EDECF6A2568210D001A0F0B /* ShowDetailnteractorInputProtocol.swift */,
				0EDECF652568210D001A0F0B /* ShowDetailPresenterProtocol.swift */,
				0EDECF692568210D001A0F0B /* ShowDetailViewProtocol.swift */,
				0EDECF672568210D001A0F0B /* ShowDetailWireframeProtocol.swift */,
			);
			path = Protocols;
			sourceTree = "<group>";
		};
		0EDECF8E25682668001A0F0B /* Common */ = {
			isa = PBXGroup;
			children = (
				0E43FA8325698478002DCCAB /* Utils */,
				0E4EF5E6256815B50005503C /* Extensions */,
				0E4EF5D9256815370005503C /* Resources */,
				0EDECF8F2568266E001A0F0B /* API Service */,
			);
			path = Common;
			sourceTree = "<group>";
		};
		0EDECF8F2568266E001A0F0B /* API Service */ = {
			isa = PBXGroup;
			children = (
				0E0F3C0B2568697F00BD677D /* Entities */,
				0E0F3C052568678E00BD677D /* Error */,
				0EDECF902568267C001A0F0B /* Endpoints */,
				0EDECF8925682642001A0F0B /* APIService.swift */,
				0EDECF9125682753001A0F0B /* APIConstants.swift */,
			);
			path = "API Service";
			sourceTree = "<group>";
		};
		0EDECF902568267C001A0F0B /* Endpoints */ = {
			isa = PBXGroup;
			children = (
				0EDECF96256827A2001A0F0B /* EndpointProtocol.swift */,
				0E0F3BEB25682FCF00BD677D /* ShowsEndpoint.swift */,
			);
			path = Endpoints;
			sourceTree = "<group>";
		};
		43FB83FC8A3C27F4930A7024 /* Frameworks */ = {
			isa = PBXGroup;
			children = (
				305C81BAD9F0DB00CDB4EA0A /* Pods_Tvmaze.framework */,
				7123322E4FD025792D4ED907 /* Pods_Tvmaze_TvmazeUITests.framework */,
				72E05E76538055C834DD7B7A /* Pods_TvmazeTests.framework */,
			);
			name = Frameworks;
			sourceTree = "<group>";
		};
		8C360036EEEEC0D5F02765D8 /* Pods */ = {
			isa = PBXGroup;
			children = (
				702C81B8688C80611C313656 /* Pods-Tvmaze.debug.xcconfig */,
				3713F6A830DA9D58AFA8EDAF /* Pods-Tvmaze.release.xcconfig */,
				8A237C0CB05B6F1F31D0E61B /* Pods-Tvmaze-TvmazeUITests.debug.xcconfig */,
				C9097B054A36367545358BFF /* Pods-Tvmaze-TvmazeUITests.release.xcconfig */,
				534067132560A90D67BCDBD0 /* Pods-TvmazeTests.debug.xcconfig */,
				98D6ADFD8261F31EFCFE9F41 /* Pods-TvmazeTests.release.xcconfig */,
			);
			path = Pods;
			sourceTree = "<group>";
		};
/* End PBXGroup section */

/* Begin PBXNativeTarget section */
		0EB8632F2568119B00107594 /* Tvmaze */ = {
			isa = PBXNativeTarget;
			buildConfigurationList = 0EB8635A2568119F00107594 /* Build configuration list for PBXNativeTarget "Tvmaze" */;
			buildPhases = (
				7849D618B7D00B072EECF192 /* [CP] Check Pods Manifest.lock */,
				0EB8632C2568119B00107594 /* Sources */,
				0EB8632D2568119B00107594 /* Frameworks */,
				0EB8632E2568119B00107594 /* Resources */,
				FA1176E7452929F5067E3CDE /* [CP] Embed Pods Frameworks */,
			);
			buildRules = (
			);
			dependencies = (
			);
			name = Tvmaze;
			productName = Tvmaze;
			productReference = 0EB863302568119B00107594 /* Tvmaze.app */;
			productType = "com.apple.product-type.application";
		};
		0EB863452568119F00107594 /* TvmazeTests */ = {
			isa = PBXNativeTarget;
			buildConfigurationList = 0EB8635D2568119F00107594 /* Build configuration list for PBXNativeTarget "TvmazeTests" */;
			buildPhases = (
				F2ACF897CD42675441457148 /* [CP] Check Pods Manifest.lock */,
				0EB863422568119F00107594 /* Sources */,
				0EB863432568119F00107594 /* Frameworks */,
				0EB863442568119F00107594 /* Resources */,
				F62CD66E44ECA3A99D38734F /* [CP] Embed Pods Frameworks */,
			);
			buildRules = (
			);
			dependencies = (
				0EB863482568119F00107594 /* PBXTargetDependency */,
			);
			name = TvmazeTests;
			productName = TvmazeTests;
			productReference = 0EB863462568119F00107594 /* TvmazeTests.xctest */;
			productType = "com.apple.product-type.bundle.unit-test";
		};
		0EB863502568119F00107594 /* TvmazeUITests */ = {
			isa = PBXNativeTarget;
			buildConfigurationList = 0EB863602568119F00107594 /* Build configuration list for PBXNativeTarget "TvmazeUITests" */;
			buildPhases = (
				C22160913AC9A0C3437AE9B2 /* [CP] Check Pods Manifest.lock */,
				0EB8634D2568119F00107594 /* Sources */,
				0EB8634E2568119F00107594 /* Frameworks */,
				0EB8634F2568119F00107594 /* Resources */,
				9F7CC39028414E996BE19097 /* [CP] Embed Pods Frameworks */,
			);
			buildRules = (
			);
			dependencies = (
				0EB863532568119F00107594 /* PBXTargetDependency */,
			);
			name = TvmazeUITests;
			productName = TvmazeUITests;
			productReference = 0EB863512568119F00107594 /* TvmazeUITests.xctest */;
			productType = "com.apple.product-type.bundle.ui-testing";
		};
/* End PBXNativeTarget section */

/* Begin PBXProject section */
		0EB863282568119B00107594 /* Project object */ = {
			isa = PBXProject;
			attributes = {
				LastSwiftUpdateCheck = 1200;
				LastUpgradeCheck = 1200;
				TargetAttributes = {
					0EB8632F2568119B00107594 = {
						CreatedOnToolsVersion = 12.0.1;
					};
					0EB863452568119F00107594 = {
						CreatedOnToolsVersion = 12.0.1;
						TestTargetID = 0EB8632F2568119B00107594;
					};
					0EB863502568119F00107594 = {
						CreatedOnToolsVersion = 12.0.1;
						TestTargetID = 0EB8632F2568119B00107594;
					};
				};
			};
			buildConfigurationList = 0EB8632B2568119B00107594 /* Build configuration list for PBXProject "Tvmaze" */;
			compatibilityVersion = "Xcode 9.3";
			developmentRegion = en;
			hasScannedForEncodings = 0;
			knownRegions = (
				en,
				Base,
			);
			mainGroup = 0EB863272568119B00107594;
			productRefGroup = 0EB863312568119B00107594 /* Products */;
			projectDirPath = "";
			projectRoot = "";
			targets = (
				0EB8632F2568119B00107594 /* Tvmaze */,
				0EB863452568119F00107594 /* TvmazeTests */,
				0EB863502568119F00107594 /* TvmazeUITests */,
			);
		};
/* End PBXProject section */

/* Begin PBXResourcesBuildPhase section */
		0EB8632E2568119B00107594 /* Resources */ = {
			isa = PBXResourcesBuildPhase;
			buildActionMask = 2147483647;
			files = (
				0E43F9E225696440002DCCAB /* ShowTableViewCell.xib in Resources */,
				0EB863402568119E00107594 /* LaunchScreen.storyboard in Resources */,
				0E4EF5E02568155E0005503C /* Localizable.strings in Resources */,
				0EDECF1F25681787001A0F0B /* ShowDetailView.xib in Resources */,
				0EB8633D2568119E00107594 /* Assets.xcassets in Resources */,
				0EB86375256813D800107594 /* ShowsListView.xib in Resources */,
			);
			runOnlyForDeploymentPostprocessing = 0;
		};
		0EB863442568119F00107594 /* Resources */ = {
			isa = PBXResourcesBuildPhase;
			buildActionMask = 2147483647;
			files = (
				0E43FA55256979A7002DCCAB /* ShowEntity.json in Resources */,
			);
			runOnlyForDeploymentPostprocessing = 0;
		};
		0EB8634F2568119F00107594 /* Resources */ = {
			isa = PBXResourcesBuildPhase;
			buildActionMask = 2147483647;
			files = (
			);
			runOnlyForDeploymentPostprocessing = 0;
		};
/* End PBXResourcesBuildPhase section */

/* Begin PBXShellScriptBuildPhase section */
		7849D618B7D00B072EECF192 /* [CP] Check Pods Manifest.lock */ = {
			isa = PBXShellScriptBuildPhase;
			buildActionMask = 2147483647;
			files = (
			);
			inputFileListPaths = (
			);
			inputPaths = (
				"${PODS_PODFILE_DIR_PATH}/Podfile.lock",
				"${PODS_ROOT}/Manifest.lock",
			);
			name = "[CP] Check Pods Manifest.lock";
			outputFileListPaths = (
			);
			outputPaths = (
				"$(DERIVED_FILE_DIR)/Pods-Tvmaze-checkManifestLockResult.txt",
			);
			runOnlyForDeploymentPostprocessing = 0;
			shellPath = /bin/sh;
			shellScript = "diff \"${PODS_PODFILE_DIR_PATH}/Podfile.lock\" \"${PODS_ROOT}/Manifest.lock\" > /dev/null\nif [ $? != 0 ] ; then\n    # print error to STDERR\n    echo \"error: The sandbox is not in sync with the Podfile.lock. Run 'pod install' or update your CocoaPods installation.\" >&2\n    exit 1\nfi\n# This output is used by Xcode 'outputs' to avoid re-running this script phase.\necho \"SUCCESS\" > \"${SCRIPT_OUTPUT_FILE_0}\"\n";
			showEnvVarsInLog = 0;
		};
		9F7CC39028414E996BE19097 /* [CP] Embed Pods Frameworks */ = {
			isa = PBXShellScriptBuildPhase;
			buildActionMask = 2147483647;
			files = (
			);
			inputFileListPaths = (
				"${PODS_ROOT}/Target Support Files/Pods-Tvmaze-TvmazeUITests/Pods-Tvmaze-TvmazeUITests-frameworks-${CONFIGURATION}-input-files.xcfilelist",
			);
			name = "[CP] Embed Pods Frameworks";
			outputFileListPaths = (
				"${PODS_ROOT}/Target Support Files/Pods-Tvmaze-TvmazeUITests/Pods-Tvmaze-TvmazeUITests-frameworks-${CONFIGURATION}-output-files.xcfilelist",
			);
			runOnlyForDeploymentPostprocessing = 0;
			shellPath = /bin/sh;
			shellScript = "\"${PODS_ROOT}/Target Support Files/Pods-Tvmaze-TvmazeUITests/Pods-Tvmaze-TvmazeUITests-frameworks.sh\"\n";
			showEnvVarsInLog = 0;
		};
		C22160913AC9A0C3437AE9B2 /* [CP] Check Pods Manifest.lock */ = {
			isa = PBXShellScriptBuildPhase;
			buildActionMask = 2147483647;
			files = (
			);
			inputFileListPaths = (
			);
			inputPaths = (
				"${PODS_PODFILE_DIR_PATH}/Podfile.lock",
				"${PODS_ROOT}/Manifest.lock",
			);
			name = "[CP] Check Pods Manifest.lock";
			outputFileListPaths = (
			);
			outputPaths = (
				"$(DERIVED_FILE_DIR)/Pods-Tvmaze-TvmazeUITests-checkManifestLockResult.txt",
			);
			runOnlyForDeploymentPostprocessing = 0;
			shellPath = /bin/sh;
			shellScript = "diff \"${PODS_PODFILE_DIR_PATH}/Podfile.lock\" \"${PODS_ROOT}/Manifest.lock\" > /dev/null\nif [ $? != 0 ] ; then\n    # print error to STDERR\n    echo \"error: The sandbox is not in sync with the Podfile.lock. Run 'pod install' or update your CocoaPods installation.\" >&2\n    exit 1\nfi\n# This output is used by Xcode 'outputs' to avoid re-running this script phase.\necho \"SUCCESS\" > \"${SCRIPT_OUTPUT_FILE_0}\"\n";
			showEnvVarsInLog = 0;
		};
		F2ACF897CD42675441457148 /* [CP] Check Pods Manifest.lock */ = {
			isa = PBXShellScriptBuildPhase;
			buildActionMask = 2147483647;
			files = (
			);
			inputFileListPaths = (
			);
			inputPaths = (
				"${PODS_PODFILE_DIR_PATH}/Podfile.lock",
				"${PODS_ROOT}/Manifest.lock",
			);
			name = "[CP] Check Pods Manifest.lock";
			outputFileListPaths = (
			);
			outputPaths = (
				"$(DERIVED_FILE_DIR)/Pods-TvmazeTests-checkManifestLockResult.txt",
			);
			runOnlyForDeploymentPostprocessing = 0;
			shellPath = /bin/sh;
			shellScript = "diff \"${PODS_PODFILE_DIR_PATH}/Podfile.lock\" \"${PODS_ROOT}/Manifest.lock\" > /dev/null\nif [ $? != 0 ] ; then\n    # print error to STDERR\n    echo \"error: The sandbox is not in sync with the Podfile.lock. Run 'pod install' or update your CocoaPods installation.\" >&2\n    exit 1\nfi\n# This output is used by Xcode 'outputs' to avoid re-running this script phase.\necho \"SUCCESS\" > \"${SCRIPT_OUTPUT_FILE_0}\"\n";
			showEnvVarsInLog = 0;
		};
		F62CD66E44ECA3A99D38734F /* [CP] Embed Pods Frameworks */ = {
			isa = PBXShellScriptBuildPhase;
			buildActionMask = 2147483647;
			files = (
			);
			inputFileListPaths = (
				"${PODS_ROOT}/Target Support Files/Pods-TvmazeTests/Pods-TvmazeTests-frameworks-${CONFIGURATION}-input-files.xcfilelist",
			);
			name = "[CP] Embed Pods Frameworks";
			outputFileListPaths = (
				"${PODS_ROOT}/Target Support Files/Pods-TvmazeTests/Pods-TvmazeTests-frameworks-${CONFIGURATION}-output-files.xcfilelist",
			);
			runOnlyForDeploymentPostprocessing = 0;
			shellPath = /bin/sh;
			shellScript = "\"${PODS_ROOT}/Target Support Files/Pods-TvmazeTests/Pods-TvmazeTests-frameworks.sh\"\n";
			showEnvVarsInLog = 0;
		};
		FA1176E7452929F5067E3CDE /* [CP] Embed Pods Frameworks */ = {
			isa = PBXShellScriptBuildPhase;
			buildActionMask = 2147483647;
			files = (
			);
			inputFileListPaths = (
				"${PODS_ROOT}/Target Support Files/Pods-Tvmaze/Pods-Tvmaze-frameworks-${CONFIGURATION}-input-files.xcfilelist",
			);
			name = "[CP] Embed Pods Frameworks";
			outputFileListPaths = (
				"${PODS_ROOT}/Target Support Files/Pods-Tvmaze/Pods-Tvmaze-frameworks-${CONFIGURATION}-output-files.xcfilelist",
			);
			runOnlyForDeploymentPostprocessing = 0;
			shellPath = /bin/sh;
			shellScript = "\"${PODS_ROOT}/Target Support Files/Pods-Tvmaze/Pods-Tvmaze-frameworks.sh\"\n";
			showEnvVarsInLog = 0;
		};
/* End PBXShellScriptBuildPhase section */

/* Begin PBXSourcesBuildPhase section */
		0EB8632C2568119B00107594 /* Sources */ = {
			isa = PBXSourcesBuildPhase;
			buildActionMask = 2147483647;
			files = (
				0EDECF2F25681833001A0F0B /* ShowsListWireframeProtocol.swift in Sources */,
				0E0F3C2A256871D400BD677D /* ShowsListLocalDataManagerProtocol.swift in Sources */,
				0EDECF5725681D7C001A0F0B /* ShowsListRepositoryProtocol.swift in Sources */,
				0EDECF4325681AFD001A0F0B /* ShowsListPresenterProtocol.swift in Sources */,
				0EDECF6125681E2E001A0F0B /* ShowsListRepository.swift in Sources */,
				0E4EF5E9256815C90005503C /* String+Extension.swift in Sources */,
				0E0F3C40256893F000BD677D /* DetailViewModel.swift in Sources */,
				0E0F3C07256867A100BD677D /* ErrorModel.swift in Sources */,
				0EB863342568119B00107594 /* AppDelegate.swift in Sources */,
				0EDECF7525682116001A0F0B /* ShowDetailInteractor.swift in Sources */,
				0EDECF34256818C6001A0F0B /* ShowsListViewProtocol.swift in Sources */,
				0E0F3C012568664400BD677D /* APIError.swift in Sources */,
				0EDECF4D25681B74001A0F0B /* ShowsListPresenter.swift in Sources */,
				0E0F3C2025686E6C00BD677D /* ShowsListAPIDataManagerProtocol.swift in Sources */,
				0EDECF6B2568210D001A0F0B /* ShowDetailPresenterProtocol.swift in Sources */,
				0E0F3C0D2568698A00BD677D /* ShowEntity.swift in Sources */,
				0EDECF4825681B53001A0F0B /* ShowsListInteractorInputProtocol.swift in Sources */,
				0EDECF702568210D001A0F0B /* ShowDetailnteractorInputProtocol.swift in Sources */,
				0E0F3C1B25686E3500BD677D /* ShowsListAPIDataManager.swift in Sources */,
				0EB863362568119B00107594 /* SceneDelegate.swift in Sources */,
				0EDECF28256817C2001A0F0B /* ShowsListWireframe.swift in Sources */,
				0EDECF6E2568210D001A0F0B /* ShowDetailInteractorOutputProtocol.swift in Sources */,
				0EDECF5225681BC1001A0F0B /* ShowsListInteractorOutputProtocol.swift in Sources */,
				0EDECF2025681787001A0F0B /* ShowDetailView.swift in Sources */,
				0EDECF39256819DA001A0F0B /* ShowDetailWireframe.swift in Sources */,
				0E0F3C452568963700BD677D /* UIViewController+Extension.swift in Sources */,
				0E43FA8525698482002DCCAB /* ViewDispatcher.swift in Sources */,
				0E0F3C252568713100BD677D /* ShowsListLocalDataManager.swift in Sources */,
				0EDECF97256827A2001A0F0B /* EndpointProtocol.swift in Sources */,
				0EDECF6D2568210D001A0F0B /* ShowDetailWireframeProtocol.swift in Sources */,
				0EB86370256813BD00107594 /* ShowsListView.swift in Sources */,
				0EDECF8A25682642001A0F0B /* APIService.swift in Sources */,
				0E0F3C32256887B200BD677D /* ShowViewModel.swift in Sources */,
				0E0F3BEC25682FCF00BD677D /* ShowsEndpoint.swift in Sources */,
				0EDECF9225682753001A0F0B /* APIConstants.swift in Sources */,
				0EDECF6F2568210D001A0F0B /* ShowDetailViewProtocol.swift in Sources */,
				0EDECF5C25681DE6001A0F0B /* ShowsListInteractor.swift in Sources */,
				0E43F9E125696440002DCCAB /* ShowTableViewCell.swift in Sources */,
				0EDECF7F25682125001A0F0B /* ShowDetailPresenter.swift in Sources */,
				0E43FA982569BEF5002DCCAB /* UIScrollView+Extension.swift in Sources */,
			);
			runOnlyForDeploymentPostprocessing = 0;
		};
		0EB863422568119F00107594 /* Sources */ = {
			isa = PBXSourcesBuildPhase;
			buildActionMask = 2147483647;
			files = (
				0E43FA9D2569C439002DCCAB /* ShowDetailPresenterTests.swift in Sources */,
				0E43FA56256979A7002DCCAB /* ShowsListRepositoryTests.swift in Sources */,
				0E43FA6B25697AD7002DCCAB /* JSONUtils.swift in Sources */,
				0E43FA58256979A7002DCCAB /* ShowsListViewTests.swift in Sources */,
				0E43FA57256979A7002DCCAB /* ShowsListPresenterTests.swift in Sources */,
				0E43FA59256979A7002DCCAB /* ShowsListInteractorTests.swift in Sources */,
				0E43FA902569BC64002DCCAB /* ShowDetailViewTests.swift in Sources */,
				0E43FAA22569C445002DCCAB /* ShowDetailInteractorTests.swift in Sources */,
				0EB8634B2568119F00107594 /* TvmazeTests.swift in Sources */,
			);
			runOnlyForDeploymentPostprocessing = 0;
		};
		0EB8634D2568119F00107594 /* Sources */ = {
			isa = PBXSourcesBuildPhase;
			buildActionMask = 2147483647;
			files = (
				0EB863562568119F00107594 /* TvmazeUITests.swift in Sources */,
			);
			runOnlyForDeploymentPostprocessing = 0;
		};
/* End PBXSourcesBuildPhase section */

/* Begin PBXTargetDependency section */
		0EB863482568119F00107594 /* PBXTargetDependency */ = {
			isa = PBXTargetDependency;
			target = 0EB8632F2568119B00107594 /* Tvmaze */;
			targetProxy = 0EB863472568119F00107594 /* PBXContainerItemProxy */;
		};
		0EB863532568119F00107594 /* PBXTargetDependency */ = {
			isa = PBXTargetDependency;
			target = 0EB8632F2568119B00107594 /* Tvmaze */;
			targetProxy = 0EB863522568119F00107594 /* PBXContainerItemProxy */;
		};
/* End PBXTargetDependency section */

/* Begin PBXVariantGroup section */
		0E4EF5E22568155E0005503C /* Localizable.strings */ = {
			isa = PBXVariantGroup;
			children = (
				0E4EF5E12568155E0005503C /* en */,
			);
			name = Localizable.strings;
			sourceTree = "<group>";
		};
		0EB8633E2568119E00107594 /* LaunchScreen.storyboard */ = {
			isa = PBXVariantGroup;
			children = (
				0EB8633F2568119E00107594 /* Base */,
			);
			name = LaunchScreen.storyboard;
			sourceTree = "<group>";
		};
/* End PBXVariantGroup section */

/* Begin XCBuildConfiguration section */
		0EB863582568119F00107594 /* Debug */ = {
			isa = XCBuildConfiguration;
			buildSettings = {
				ALWAYS_SEARCH_USER_PATHS = NO;
				CLANG_ANALYZER_NONNULL = YES;
				CLANG_ANALYZER_NUMBER_OBJECT_CONVERSION = YES_AGGRESSIVE;
				CLANG_CXX_LANGUAGE_STANDARD = "gnu++14";
				CLANG_CXX_LIBRARY = "libc++";
				CLANG_ENABLE_MODULES = YES;
				CLANG_ENABLE_OBJC_ARC = YES;
				CLANG_ENABLE_OBJC_WEAK = YES;
				CLANG_WARN_BLOCK_CAPTURE_AUTORELEASING = YES;
				CLANG_WARN_BOOL_CONVERSION = YES;
				CLANG_WARN_COMMA = YES;
				CLANG_WARN_CONSTANT_CONVERSION = YES;
				CLANG_WARN_DEPRECATED_OBJC_IMPLEMENTATIONS = YES;
				CLANG_WARN_DIRECT_OBJC_ISA_USAGE = YES_ERROR;
				CLANG_WARN_DOCUMENTATION_COMMENTS = YES;
				CLANG_WARN_EMPTY_BODY = YES;
				CLANG_WARN_ENUM_CONVERSION = YES;
				CLANG_WARN_INFINITE_RECURSION = YES;
				CLANG_WARN_INT_CONVERSION = YES;
				CLANG_WARN_NON_LITERAL_NULL_CONVERSION = YES;
				CLANG_WARN_OBJC_IMPLICIT_RETAIN_SELF = YES;
				CLANG_WARN_OBJC_LITERAL_CONVERSION = YES;
				CLANG_WARN_OBJC_ROOT_CLASS = YES_ERROR;
				CLANG_WARN_QUOTED_INCLUDE_IN_FRAMEWORK_HEADER = YES;
				CLANG_WARN_RANGE_LOOP_ANALYSIS = YES;
				CLANG_WARN_STRICT_PROTOTYPES = YES;
				CLANG_WARN_SUSPICIOUS_MOVE = YES;
				CLANG_WARN_UNGUARDED_AVAILABILITY = YES_AGGRESSIVE;
				CLANG_WARN_UNREACHABLE_CODE = YES;
				CLANG_WARN__DUPLICATE_METHOD_MATCH = YES;
				COPY_PHASE_STRIP = NO;
				DEBUG_INFORMATION_FORMAT = dwarf;
				ENABLE_STRICT_OBJC_MSGSEND = YES;
				ENABLE_TESTABILITY = YES;
				GCC_C_LANGUAGE_STANDARD = gnu11;
				GCC_DYNAMIC_NO_PIC = NO;
				GCC_NO_COMMON_BLOCKS = YES;
				GCC_OPTIMIZATION_LEVEL = 0;
				GCC_PREPROCESSOR_DEFINITIONS = (
					"DEBUG=1",
					"$(inherited)",
				);
				GCC_WARN_64_TO_32_BIT_CONVERSION = YES;
				GCC_WARN_ABOUT_RETURN_TYPE = YES_ERROR;
				GCC_WARN_UNDECLARED_SELECTOR = YES;
				GCC_WARN_UNINITIALIZED_AUTOS = YES_AGGRESSIVE;
				GCC_WARN_UNUSED_FUNCTION = YES;
				GCC_WARN_UNUSED_VARIABLE = YES;
				IPHONEOS_DEPLOYMENT_TARGET = 14.0;
				MTL_ENABLE_DEBUG_INFO = INCLUDE_SOURCE;
				MTL_FAST_MATH = YES;
				ONLY_ACTIVE_ARCH = YES;
				SDKROOT = iphoneos;
				SWIFT_ACTIVE_COMPILATION_CONDITIONS = DEBUG;
				SWIFT_OPTIMIZATION_LEVEL = "-Onone";
			};
			name = Debug;
		};
		0EB863592568119F00107594 /* Release */ = {
			isa = XCBuildConfiguration;
			buildSettings = {
				ALWAYS_SEARCH_USER_PATHS = NO;
				CLANG_ANALYZER_NONNULL = YES;
				CLANG_ANALYZER_NUMBER_OBJECT_CONVERSION = YES_AGGRESSIVE;
				CLANG_CXX_LANGUAGE_STANDARD = "gnu++14";
				CLANG_CXX_LIBRARY = "libc++";
				CLANG_ENABLE_MODULES = YES;
				CLANG_ENABLE_OBJC_ARC = YES;
				CLANG_ENABLE_OBJC_WEAK = YES;
				CLANG_WARN_BLOCK_CAPTURE_AUTORELEASING = YES;
				CLANG_WARN_BOOL_CONVERSION = YES;
				CLANG_WARN_COMMA = YES;
				CLANG_WARN_CONSTANT_CONVERSION = YES;
				CLANG_WARN_DEPRECATED_OBJC_IMPLEMENTATIONS = YES;
				CLANG_WARN_DIRECT_OBJC_ISA_USAGE = YES_ERROR;
				CLANG_WARN_DOCUMENTATION_COMMENTS = YES;
				CLANG_WARN_EMPTY_BODY = YES;
				CLANG_WARN_ENUM_CONVERSION = YES;
				CLANG_WARN_INFINITE_RECURSION = YES;
				CLANG_WARN_INT_CONVERSION = YES;
				CLANG_WARN_NON_LITERAL_NULL_CONVERSION = YES;
				CLANG_WARN_OBJC_IMPLICIT_RETAIN_SELF = YES;
				CLANG_WARN_OBJC_LITERAL_CONVERSION = YES;
				CLANG_WARN_OBJC_ROOT_CLASS = YES_ERROR;
				CLANG_WARN_QUOTED_INCLUDE_IN_FRAMEWORK_HEADER = YES;
				CLANG_WARN_RANGE_LOOP_ANALYSIS = YES;
				CLANG_WARN_STRICT_PROTOTYPES = YES;
				CLANG_WARN_SUSPICIOUS_MOVE = YES;
				CLANG_WARN_UNGUARDED_AVAILABILITY = YES_AGGRESSIVE;
				CLANG_WARN_UNREACHABLE_CODE = YES;
				CLANG_WARN__DUPLICATE_METHOD_MATCH = YES;
				COPY_PHASE_STRIP = NO;
				DEBUG_INFORMATION_FORMAT = "dwarf-with-dsym";
				ENABLE_NS_ASSERTIONS = NO;
				ENABLE_STRICT_OBJC_MSGSEND = YES;
				GCC_C_LANGUAGE_STANDARD = gnu11;
				GCC_NO_COMMON_BLOCKS = YES;
				GCC_WARN_64_TO_32_BIT_CONVERSION = YES;
				GCC_WARN_ABOUT_RETURN_TYPE = YES_ERROR;
				GCC_WARN_UNDECLARED_SELECTOR = YES;
				GCC_WARN_UNINITIALIZED_AUTOS = YES_AGGRESSIVE;
				GCC_WARN_UNUSED_FUNCTION = YES;
				GCC_WARN_UNUSED_VARIABLE = YES;
				IPHONEOS_DEPLOYMENT_TARGET = 14.0;
				MTL_ENABLE_DEBUG_INFO = NO;
				MTL_FAST_MATH = YES;
				SDKROOT = iphoneos;
				SWIFT_COMPILATION_MODE = wholemodule;
				SWIFT_OPTIMIZATION_LEVEL = "-O";
				VALIDATE_PRODUCT = YES;
			};
			name = Release;
		};
		0EB8635B2568119F00107594 /* Debug */ = {
			isa = XCBuildConfiguration;
			baseConfigurationReference = 702C81B8688C80611C313656 /* Pods-Tvmaze.debug.xcconfig */;
			buildSettings = {
				ASSETCATALOG_COMPILER_APPICON_NAME = AppIcon;
				ASSETCATALOG_COMPILER_GLOBAL_ACCENT_COLOR_NAME = AccentColor;
				CODE_SIGN_STYLE = Automatic;
				DEVELOPMENT_TEAM = 22YWXZ2WWK;
				INFOPLIST_FILE = Tvmaze/Info.plist;
				LD_RUNPATH_SEARCH_PATHS = (
					"$(inherited)",
					"@executable_path/Frameworks",
				);
				PRODUCT_BUNDLE_IDENTIFIER = com.piamunoz.Tvmaze;
				PRODUCT_NAME = "$(TARGET_NAME)";
				SWIFT_VERSION = 5.0;
				TARGETED_DEVICE_FAMILY = "1,2";
			};
			name = Debug;
		};
		0EB8635C2568119F00107594 /* Release */ = {
			isa = XCBuildConfiguration;
			baseConfigurationReference = 3713F6A830DA9D58AFA8EDAF /* Pods-Tvmaze.release.xcconfig */;
			buildSettings = {
				ASSETCATALOG_COMPILER_APPICON_NAME = AppIcon;
				ASSETCATALOG_COMPILER_GLOBAL_ACCENT_COLOR_NAME = AccentColor;
				CODE_SIGN_STYLE = Automatic;
				DEVELOPMENT_TEAM = 22YWXZ2WWK;
				INFOPLIST_FILE = Tvmaze/Info.plist;
				LD_RUNPATH_SEARCH_PATHS = (
					"$(inherited)",
					"@executable_path/Frameworks",
				);
				PRODUCT_BUNDLE_IDENTIFIER = com.piamunoz.Tvmaze;
				PRODUCT_NAME = "$(TARGET_NAME)";
				SWIFT_VERSION = 5.0;
				TARGETED_DEVICE_FAMILY = "1,2";
			};
			name = Release;
		};
		0EB8635E2568119F00107594 /* Debug */ = {
			isa = XCBuildConfiguration;
			baseConfigurationReference = 534067132560A90D67BCDBD0 /* Pods-TvmazeTests.debug.xcconfig */;
			buildSettings = {
				ALWAYS_EMBED_SWIFT_STANDARD_LIBRARIES = YES;
				BUNDLE_LOADER = "$(TEST_HOST)";
				CODE_SIGN_STYLE = Automatic;
				DEVELOPMENT_TEAM = 22YWXZ2WWK;
				INFOPLIST_FILE = TvmazeTests/Info.plist;
				IPHONEOS_DEPLOYMENT_TARGET = 14.0;
				LD_RUNPATH_SEARCH_PATHS = (
					"$(inherited)",
					"@executable_path/Frameworks",
					"@loader_path/Frameworks",
				);
				PRODUCT_BUNDLE_IDENTIFIER = com.piamunoz.TvmazeTests;
				PRODUCT_NAME = "$(TARGET_NAME)";
				SWIFT_VERSION = 5.0;
				TARGETED_DEVICE_FAMILY = "1,2";
				TEST_HOST = "$(BUILT_PRODUCTS_DIR)/Tvmaze.app/Tvmaze";
			};
			name = Debug;
		};
		0EB8635F2568119F00107594 /* Release */ = {
			isa = XCBuildConfiguration;
			baseConfigurationReference = 98D6ADFD8261F31EFCFE9F41 /* Pods-TvmazeTests.release.xcconfig */;
			buildSettings = {
				ALWAYS_EMBED_SWIFT_STANDARD_LIBRARIES = YES;
				BUNDLE_LOADER = "$(TEST_HOST)";
				CODE_SIGN_STYLE = Automatic;
				DEVELOPMENT_TEAM = 22YWXZ2WWK;
				INFOPLIST_FILE = TvmazeTests/Info.plist;
				IPHONEOS_DEPLOYMENT_TARGET = 14.0;
				LD_RUNPATH_SEARCH_PATHS = (
					"$(inherited)",
					"@executable_path/Frameworks",
					"@loader_path/Frameworks",
				);
				PRODUCT_BUNDLE_IDENTIFIER = com.piamunoz.TvmazeTests;
				PRODUCT_NAME = "$(TARGET_NAME)";
				SWIFT_VERSION = 5.0;
				TARGETED_DEVICE_FAMILY = "1,2";
				TEST_HOST = "$(BUILT_PRODUCTS_DIR)/Tvmaze.app/Tvmaze";
			};
			name = Release;
		};
		0EB863612568119F00107594 /* Debug */ = {
			isa = XCBuildConfiguration;
			baseConfigurationReference = 8A237C0CB05B6F1F31D0E61B /* Pods-Tvmaze-TvmazeUITests.debug.xcconfig */;
			buildSettings = {
				ALWAYS_EMBED_SWIFT_STANDARD_LIBRARIES = YES;
				CODE_SIGN_STYLE = Automatic;
				DEVELOPMENT_TEAM = 22YWXZ2WWK;
				INFOPLIST_FILE = TvmazeUITests/Info.plist;
				LD_RUNPATH_SEARCH_PATHS = (
					"$(inherited)",
					"@executable_path/Frameworks",
					"@loader_path/Frameworks",
				);
				PRODUCT_BUNDLE_IDENTIFIER = com.piamunoz.TvmazeUITests;
				PRODUCT_NAME = "$(TARGET_NAME)";
				SWIFT_VERSION = 5.0;
				TARGETED_DEVICE_FAMILY = "1,2";
				TEST_TARGET_NAME = Tvmaze;
			};
			name = Debug;
		};
		0EB863622568119F00107594 /* Release */ = {
			isa = XCBuildConfiguration;
			baseConfigurationReference = C9097B054A36367545358BFF /* Pods-Tvmaze-TvmazeUITests.release.xcconfig */;
			buildSettings = {
				ALWAYS_EMBED_SWIFT_STANDARD_LIBRARIES = YES;
				CODE_SIGN_STYLE = Automatic;
				DEVELOPMENT_TEAM = 22YWXZ2WWK;
				INFOPLIST_FILE = TvmazeUITests/Info.plist;
				LD_RUNPATH_SEARCH_PATHS = (
					"$(inherited)",
					"@executable_path/Frameworks",
					"@loader_path/Frameworks",
				);
				PRODUCT_BUNDLE_IDENTIFIER = com.piamunoz.TvmazeUITests;
				PRODUCT_NAME = "$(TARGET_NAME)";
				SWIFT_VERSION = 5.0;
				TARGETED_DEVICE_FAMILY = "1,2";
				TEST_TARGET_NAME = Tvmaze;
			};
			name = Release;
		};
/* End XCBuildConfiguration section */

/* Begin XCConfigurationList section */
		0EB8632B2568119B00107594 /* Build configuration list for PBXProject "Tvmaze" */ = {
			isa = XCConfigurationList;
			buildConfigurations = (
				0EB863582568119F00107594 /* Debug */,
				0EB863592568119F00107594 /* Release */,
			);
			defaultConfigurationIsVisible = 0;
			defaultConfigurationName = Release;
		};
		0EB8635A2568119F00107594 /* Build configuration list for PBXNativeTarget "Tvmaze" */ = {
			isa = XCConfigurationList;
			buildConfigurations = (
				0EB8635B2568119F00107594 /* Debug */,
				0EB8635C2568119F00107594 /* Release */,
			);
			defaultConfigurationIsVisible = 0;
			defaultConfigurationName = Release;
		};
		0EB8635D2568119F00107594 /* Build configuration list for PBXNativeTarget "TvmazeTests" */ = {
			isa = XCConfigurationList;
			buildConfigurations = (
				0EB8635E2568119F00107594 /* Debug */,
				0EB8635F2568119F00107594 /* Release */,
			);
			defaultConfigurationIsVisible = 0;
			defaultConfigurationName = Release;
		};
		0EB863602568119F00107594 /* Build configuration list for PBXNativeTarget "TvmazeUITests" */ = {
			isa = XCConfigurationList;
			buildConfigurations = (
				0EB863612568119F00107594 /* Debug */,
				0EB863622568119F00107594 /* Release */,
			);
			defaultConfigurationIsVisible = 0;
			defaultConfigurationName = Release;
		};
/* End XCConfigurationList section */
	};
	rootObject = 0EB863282568119B00107594 /* Project object */;
}
